
Microsoft Visual Studio Solution File, Format Version 12.00
# Visual Studio Version 17
VisualStudioVersion = 17.7.33711.374
MinimumVisualStudioVersion = 10.0.40219.1
Project("{9A19103F-16F7-4668-BE54-9A1E7A4F7556}") = "App UI", "E-Commerce Application\App UI.csproj", "{C75256CD-ECD0-4592-BA1E-5F3325837E00}"
EndProject
Project("{9A19103F-16F7-4668-BE54-9A1E7A4F7556}") = "App Infrastructure", "Store_DbContext\App Infrastructure.csproj", "{380F37E4-7090-46B4-A984-D1A90DACEB0B}"
EndProject
Project("{9A19103F-16F7-4668-BE54-9A1E7A4F7556}") = "App Core", "Entities\App Core.csproj", "{772BD558-B663-418E-94AF-E9F2D47C3A7A}"
EndProject
Project("{FAE04EC0-301F-11D3-BF4B-00C04F79EFBC}") = "Utilities", "Utilities\Utilities.csproj", "{95DB153B-20EA-42CC-B072-C346D85D0FA5}"
EndProject
Global
	GlobalSection(SolutionConfigurationPlatforms) = preSolution
		Debug|Any CPU = Debug|Any CPU
		Release|Any CPU = Release|Any CPU
	EndGlobalSection
	GlobalSection(ProjectConfigurationPlatforms) = postSolution
		{C75256CD-ECD0-4592-BA1E-5F3325837E00}.Debug|Any CPU.ActiveCfg = Debug|Any CPU
		{C75256CD-ECD0-4592-BA1E-5F3325837E00}.Debug|Any CPU.Build.0 = Debug|Any CPU
		{C75256CD-ECD0-4592-BA1E-5F3325837E00}.Release|Any CPU.ActiveCfg = Release|Any CPU
		{C75256CD-ECD0-4592-BA1E-5F3325837E00}.Release|Any CPU.Build.0 = Release|Any CPU
		{380F37E4-7090-46B4-A984-D1A90DACEB0B}.Debug|Any CPU.ActiveCfg = Debug|Any CPU
		{380F37E4-7090-46B4-A984-D1A90DACEB0B}.Debug|Any CPU.Build.0 = Debug|Any CPU
		{380F37E4-7090-46B4-A984-D1A90DACEB0B}.Release|Any CPU.ActiveCfg = Release|Any CPU
		{380F37E4-7090-46B4-A984-D1A90DACEB0B}.Release|Any CPU.Build.0 = Release|Any CPU
		{772BD558-B663-418E-94AF-E9F2D47C3A7A}.Debug|Any CPU.ActiveCfg = Debug|Any CPU
		{772BD558-B663-418E-94AF-E9F2D47C3A7A}.Debug|Any CPU.Build.0 = Debug|Any CPU
		{772BD558-B663-418E-94AF-E9F2D47C3A7A}.Release|Any CPU.ActiveCfg = Release|Any CPU
		{772BD558-B663-418E-94AF-E9F2D47C3A7A}.Release|Any CPU.Build.0 = Release|Any CPU
		{95DB153B-20EA-42CC-B072-C346D85D0FA5}.Debug|Any CPU.ActiveCfg = Debug|Any CPU
		{95DB153B-20EA-42CC-B072-C346D85D0FA5}.Debug|Any CPU.Build.0 = Debug|Any CPU
		{95DB153B-20EA-42CC-B072-C346D85D0FA5}.Release|Any CPU.ActiveCfg = Release|Any CPU
		{95DB153B-20EA-42CC-B072-C346D85D0FA5}.Release|Any CPU.Build.0 = Release|Any CPU
	EndGlobalSection
	GlobalSection(SolutionProperties) = preSolution
		HideSolutionNode = FALSE
	EndGlobalSection
	GlobalSection(ExtensibilityGlobals) = postSolution
		SolutionGuid = {F0085DDB-296C-4FD2-A215-BEE0FF00DC1E}
	EndGlobalSection
EndGlobal
